# THIS IS AN AUTOGENERATED FILE. DO NOT EDIT THIS FILE DIRECTLY.
# yarn lockfile v1


"@plasmicapp/isomorphic-unfetch@1.0.3":
  version "1.0.3"
  resolved "https://registry.yarnpkg.com/@plasmicapp/isomorphic-unfetch/-/isomorphic-unfetch-1.0.3.tgz#baa334f5190d49461c26b1aa3fda073f5cfa7e33"
  integrity sha512-cJtPOCf2/FWlFB42Q/n0MK/C47NSZr+YQJbCvQwvyjOrOgOQ4gJ/+gkr4avpMa7UPMa8qLovDAuaR+5k+hMlZQ==
  dependencies:
    unfetch "^4.2.0"

prettier@^3.6.2:
  version "3.6.2"
  resolved "https://registry.yarnpkg.com/prettier/-/prettier-3.6.2.tgz#ccda02a1003ebbb2bfda6f83a074978f608b9393"
  integrity sha512-I7AIg5boAr5R0FFtJ6rCfD+LFsWHp81dolrFD8S79U9tb8Az2nGrJncnMSnys+bpQJfRUzqs9hnA81OAA3hCuQ==

turbo-darwin-64@2.5.5:
  version "2.5.5"
  resolved "https://registry.yarnpkg.com/turbo-darwin-64/-/turbo-darwin-64-2.5.5.tgz#96a9f4f0acd61e48685c5be1765fa3a0c9be120d"
  integrity sha512-RYnTz49u4F5tDD2SUwwtlynABNBAfbyT2uU/brJcyh5k6lDLyNfYKdKmqd3K2ls4AaiALWrFKVSBsiVwhdFNzQ==

turbo-darwin-arm64@2.5.5:
  version "2.5.5"
  resolved "https://registry.yarnpkg.com/turbo-darwin-arm64/-/turbo-darwin-arm64-2.5.5.tgz#2d8e47e1b04d2cb339455adb64fb52c94e587a44"
  integrity sha512-Tk+ZeSNdBobZiMw9aFypQt0DlLsWSFWu1ymqsAdJLuPoAH05qCfYtRxE1pJuYHcJB5pqI+/HOxtJoQ40726Btw==

turbo-linux-64@2.5.5:
  version "2.5.5"
  resolved "https://registry.yarnpkg.com/turbo-linux-64/-/turbo-linux-64-2.5.5.tgz#3f8512243d9fa0927d677235d720c07540bf66e8"
  integrity sha512-2/XvMGykD7VgsvWesZZYIIVXMlgBcQy+ZAryjugoTcvJv8TZzSU/B1nShcA7IAjZ0q7OsZ45uP2cOb8EgKT30w==

turbo-linux-arm64@2.5.5:
  version "2.5.5"
  resolved "https://registry.yarnpkg.com/turbo-linux-arm64/-/turbo-linux-arm64-2.5.5.tgz#705dc5fdaed6b2c8cc9cd35bbd154ed16e4a78d3"
  integrity sha512-DW+8CjCjybu0d7TFm9dovTTVg1VRnlkZ1rceO4zqsaLrit3DgHnN4to4uwyuf9s2V/BwS3IYcRy+HG9BL596Iw==

turbo-windows-64@2.5.5:
  version "2.5.5"
  resolved "https://registry.yarnpkg.com/turbo-windows-64/-/turbo-windows-64-2.5.5.tgz#70c7937e59d1a48391c4ed300b28d0e58ea22073"
  integrity sha512-q5p1BOy8ChtSZfULuF1BhFMYIx6bevXu4fJ+TE/hyNfyHJIfjl90Z6jWdqAlyaFLmn99X/uw+7d6T/Y/dr5JwQ==

turbo-windows-arm64@2.5.5:
  version "2.5.5"
  resolved "https://registry.yarnpkg.com/turbo-windows-arm64/-/turbo-windows-arm64-2.5.5.tgz#0ab29d38fcc67ba38652f1cd273df49177cb55b8"
  integrity sha512-AXbF1KmpHUq3PKQwddMGoKMYhHsy5t1YBQO8HZ04HLMR0rWv9adYlQ8kaeQJTko1Ay1anOBFTqaxfVOOsu7+1Q==

turbo@^2.5.5:
  version "2.5.5"
  resolved "https://registry.yarnpkg.com/turbo/-/turbo-2.5.5.tgz#6057f87c1262acdfa30cf16d4cf74629623f36c9"
  integrity sha512-eZ7wI6KjtT1eBqCnh2JPXWNUAxtoxxfi6VdBdZFvil0ychCOTxbm7YLRBi1JSt7U3c+u3CLxpoPxLdvr/Npr3A==
  optionalDependencies:
    turbo-darwin-64 "2.5.5"
    turbo-darwin-arm64 "2.5.5"
    turbo-linux-64 "2.5.5"
    turbo-linux-arm64 "2.5.5"
    turbo-windows-64 "2.5.5"
    turbo-windows-arm64 "2.5.5"

typescript@5.8.3:
  version "5.8.3"
  resolved "https://registry.yarnpkg.com/typescript/-/typescript-5.8.3.tgz#92f8a3e5e3cf497356f4178c34cd65a7f5e8440e"
  integrity sha512-p1diW6TqL9L07nNxvRMM7hMMw4c5XOo/1ibL4aAIGmSAt9slTE1Xgw5KWuof2uTOvCg9BY7ZRi+GaF+7sfgPeQ==

unfetch@^4.2.0:
  version "4.2.0"
  resolved "https://registry.yarnpkg.com/unfetch/-/unfetch-4.2.0.tgz#7e21b0ef7d363d8d9af0fb929a5555f6ef97a3be"
  integrity sha512-F9p7yYCn6cIW9El1zi0HI6vqpeIvBsr3dSuRO6Xuppb1u5rXpCPmMvLSyECLhybr9isec8Ohl0hPekMVrEinDA==
